
Microsoft Visual Studio Solution File, Format Version 12.00
# Visual Studio Version 17
VisualStudioVersion = 17.7.34202.233
MinimumVisualStudioVersion = 10.0.40219.1
Project("{FAE04EC0-301F-11D3-BF4B-00C04F79EFBC}") = "WebPipi", "WebPipi\WebPipi.csproj", "{93A864B2-A22A-40CC-AB4E-A437138B9AB7}"
EndProject
Global
	GlobalSection(SolutionConfigurationPlatforms) = preSolution
		Debug|Any CPU = Debug|Any CPU
		Release|Any CPU = Release|Any CPU
	EndGlobalSection
	GlobalSection(ProjectConfigurationPlatforms) = postSolution
		{93A864B2-A22A-40CC-AB4E-A437138B9AB7}.Debug|Any CPU.ActiveCfg = Debug|Any CPU
		{93A864B2-A22A-40CC-AB4E-A437138B9AB7}.Debug|Any CPU.Build.0 = Debug|Any CPU
		{93A864B2-A22A-40CC-AB4E-A437138B9AB7}.Release|Any CPU.ActiveCfg = Release|Any CPU
		{93A864B2-A22A-40CC-AB4E-A437138B9AB7}.Release|Any CPU.Build.0 = Release|Any CPU
	EndGlobalSection
	GlobalSection(SolutionProperties) = preSolution
		HideSolutionNode = FALSE
	EndGlobalSection
	GlobalSection(ExtensibilityGlobals) = postSolution
		SolutionGuid = {A56F8E2E-51EB-4440-9195-C7CCBBFF5487}
	EndGlobalSection
EndGlobal
